
Microsoft Visual Studio Solution File, Format Version 12.00
# Visual Studio Version 17
VisualStudioVersion = 17.3.32825.248
MinimumVisualStudioVersion = 10.0.40219.1
Project("{9A19103F-16F7-4668-BE54-9A1E7A4F7556}") = "Task1", "Task1.csproj", "{BA1ABD3D-DB0E-4FF8-A529-76E6C2E2DC12}"
EndProject
Project("{FAE04EC0-301F-11D3-BF4B-00C04F79EFBC}") = "Task2", "..\Task2\Task2.csproj", "{1C283AC3-0AEB-4CE5-977F-09D34DF13101}"
EndProject
Project("{FAE04EC0-301F-11D3-BF4B-00C04F79EFBC}") = "Task3", "..\Task3\Task3.csproj", "{39FEEE50-42ED-425C-AC65-D1A9614F592B}"
EndProject
Global
	GlobalSection(SolutionConfigurationPlatforms) = preSolution
		Debug|Any CPU = Debug|Any CPU
		Release|Any CPU = Release|Any CPU
	EndGlobalSection
	GlobalSection(ProjectConfigurationPlatforms) = postSolution
		{BA1ABD3D-DB0E-4FF8-A529-76E6C2E2DC12}.Debug|Any CPU.ActiveCfg = Debug|Any CPU
		{BA1ABD3D-DB0E-4FF8-A529-76E6C2E2DC12}.Debug|Any CPU.Build.0 = Debug|Any CPU
		{BA1ABD3D-DB0E-4FF8-A529-76E6C2E2DC12}.Release|Any CPU.ActiveCfg = Release|Any CPU
		{BA1ABD3D-DB0E-4FF8-A529-76E6C2E2DC12}.Release|Any CPU.Build.0 = Release|Any CPU
		{1C283AC3-0AEB-4CE5-977F-09D34DF13101}.Debug|Any CPU.ActiveCfg = Debug|Any CPU
		{1C283AC3-0AEB-4CE5-977F-09D34DF13101}.Debug|Any CPU.Build.0 = Debug|Any CPU
		{1C283AC3-0AEB-4CE5-977F-09D34DF13101}.Release|Any CPU.ActiveCfg = Release|Any CPU
		{1C283AC3-0AEB-4CE5-977F-09D34DF13101}.Release|Any CPU.Build.0 = Release|Any CPU
		{39FEEE50-42ED-425C-AC65-D1A9614F592B}.Debug|Any CPU.ActiveCfg = Debug|Any CPU
		{39FEEE50-42ED-425C-AC65-D1A9614F592B}.Debug|Any CPU.Build.0 = Debug|Any CPU
		{39FEEE50-42ED-425C-AC65-D1A9614F592B}.Release|Any CPU.ActiveCfg = Release|Any CPU
		{39FEEE50-42ED-425C-AC65-D1A9614F592B}.Release|Any CPU.Build.0 = Release|Any CPU
	EndGlobalSection
	GlobalSection(SolutionProperties) = preSolution
		HideSolutionNode = FALSE
	EndGlobalSection
	GlobalSection(ExtensibilityGlobals) = postSolution
		SolutionGuid = {F9DC6C41-B0F2-4A0A-B12B-BF365D38A46E}
	EndGlobalSection
EndGlobal
